{
  "name": "workspace",
  "version": "0.1.0",
  "lockfileVersion": 3,
  "requires": true,
  "packages": {
    "": {
      "name": "workspace",
      "version": "0.1.0",
      "hasInstallScript": true,
      "devDependencies": {
        "@atria/cli": "file:/Users/an/Projects/atrialabs/atria/packages/cli"
      }
    },
    "../packages/cli": {
      "name": "@atria/cli",
      "version": "0.0.13",
      "dev": true,
      "license": "MIT",
      "dependencies": {
        "@atria/db": "workspace:*",
        "@atria/server": "workspace:*",
        "@atria/shared": "workspace:*"
      },
      "bin": {
        "atria": "dist/bin.js"
      }
    },
    "node_modules/@atria/cli": {
      "resolved": "../packages/cli",
      "link": true
    }
  }
}
